PODS:
  - AFNetworking (2.4.1):
    - AFNetworking/NSURLConnection
    - AFNetworking/NSURLSession
    - AFNetworking/Reachability
    - AFNetworking/Security
    - AFNetworking/Serialization
    - AFNetworking/UIKit
  - AFNetworking/NSURLConnection (2.4.1):
    - AFNetworking/Reachability
    - AFNetworking/Security
    - AFNetworking/Serialization
  - AFNetworking/NSURLSession (2.4.1):
    - AFNetworking/Reachability
    - AFNetworking/Security
    - AFNetworking/Serialization
  - AFNetworking/Reachability (2.4.1)
  - AFNetworking/Security (2.4.1)
  - AFNetworking/Serialization (2.4.1)
  - AFNetworking/UIKit (2.4.1):
    - AFNetworking/NSURLConnection
    - AFNetworking/NSURLSession
  - FontAwesome+iOS (0.1.4)
  - FSLineChart (0.1.1)

DEPENDENCIES:
  - AFNetworking (~> 2.0)
  - FontAwesome+iOS (~> 0.1)
  - FSLineChart (~> 0.1)

SPEC CHECKSUMS:
  AFNetworking: 0aabc6fae66d6e5d039eeb21c315843c7aae51ab
  FontAwesome+iOS: 816c20304edef4ca92835de669577005cbaaf261
  FSLineChart: 1d50ffa715a5c4dfb4e24a2ed3df35ee740a14b2

COCOAPODS: 0.33.1
